<?xml version="1.0" encoding="utf-8"?>
<Project ToolsVersion="4.0" xmlns="http://schemas.microsoft.com/developer/msbuild/2003">
  <ItemGroup>
    <Filter Include="资源文件">
      <UniqueIdentifier>{67DA6AB6-F800-4c08-8B7A-83BB121AAD01}</UniqueIdentifier>
      <Extensions>rc;ico;cur;bmp;dlg;rc2;rct;bin;rgs;gif;jpg;jpeg;jpe;resx;tiff;tif;png;wav;mfcribbon-ms</Extensions>
    </Filter>
    <Filter Include="System">
      <UniqueIdentifier>{93995380-89BD-4b04-88EB-625FBE52EBFB}</UniqueIdentifier>
      <Extensions>h;hpp;hxx;hm;inl;inc;xsd</Extensions>
    </Filter>
    <Filter Include="Main">
      <UniqueIdentifier>{4FC737F1-C7A5-4376-A066-2A32D752A2FF}</UniqueIdentifier>
      <Extensions>cpp;c;cc;cxx;def;odl;idl;hpj;bat;asm;asmx</Extensions>
    </Filter>
    <Filter Include="System\Win32">
      <UniqueIdentifier>{d7f51319-4687-4c6a-95c1-21ab68e08876}</UniqueIdentifier>
    </Filter>
    <Filter Include="Log">
      <UniqueIdentifier>{d844000e-ecf7-4984-91f1-e11b0364edaa}</UniqueIdentifier>
    </Filter>
    <Filter Include="System\UI">
      <UniqueIdentifier>{4eab9670-a9d0-4a21-acba-53130fa68cd1}</UniqueIdentifier>
    </Filter>
    <Filter Include="System\UI\ImGui">
      <UniqueIdentifier>{3aff9a58-7f4e-4fd8-a3f4-50e388d8b76e}</UniqueIdentifier>
    </Filter>
  </ItemGroup>
  <ItemGroup>
    <ClCompile Include="Main.cpp">
      <Filter>Main</Filter>
    </ClCompile>
    <ClCompile Include="GameApp.cpp">
      <Filter>Main</Filter>
    </ClCompile>
    <ClCompile Include="StdAfx.cpp">
      <Filter>Main</Filter>
    </ClCompile>
    <ClCompile Include="Code\System\Win32\SystemWin32.cpp">
      <Filter>System\Win32</Filter>
    </ClCompile>
    <ClCompile Include="Code\System\Win32\GameClient.cpp">
      <Filter>System\Win32</Filter>
    </ClCompile>
    <ClCompile Include="Code\System\SystemGlobalEnvironment.cpp">
      <Filter>System</Filter>
    </ClCompile>
    <ClCompile Include="Code\System\Win32\Renderer.cpp">
      <Filter>System\Win32</Filter>
    </ClCompile>
    <ClCompile Include="Code\System\UI\GUI.cpp">
      <Filter>System\UI</Filter>
    </ClCompile>
    <ClCompile Include="Code\System\UI\imgui_impl_sdl.cpp">
      <Filter>System\UI</Filter>
    </ClCompile>
    <ClCompile Include="Code\System\UI\ImGui\imgui.cpp">
      <Filter>System\UI\ImGui</Filter>
    </ClCompile>
    <ClCompile Include="Code\System\UI\ImGui\imgui_demo.cpp">
      <Filter>System\UI\ImGui</Filter>
    </ClCompile>
    <ClCompile Include="Code\System\UI\ImGui\imgui_draw.cpp">
      <Filter>System\UI\ImGui</Filter>
    </ClCompile>
    <ClCompile Include="Code\System\UI\GuiSystem.cpp">
      <Filter>System\UI</Filter>
    </ClCompile>
  </ItemGroup>
  <ItemGroup>
    <ClInclude Include="Main.h">
      <Filter>Main</Filter>
    </ClInclude>
    <ClInclude Include="GameApp.h">
      <Filter>Main</Filter>
    </ClInclude>
    <ClInclude Include="StdAfx.h">
      <Filter>Main</Filter>
    </ClInclude>
    <ClInclude Include="Code\System\Win32\ProcessInfoWin32.h">
      <Filter>System\Win32</Filter>
    </ClInclude>
    <ClInclude Include="Code\System\ISystem.h">
      <Filter>System</Filter>
    </ClInclude>
    <ClInclude Include="Code\System\Win32\SystemWin32.h">
      <Filter>System\Win32</Filter>
    </ClInclude>
    <ClInclude Include="Code\Log\PrintLog.h">
      <Filter>Log</Filter>
    </ClInclude>
    <ClInclude Include="Code\System\SystemGlobalEnvironment.h">
      <Filter>System</Filter>
    </ClInclude>
    <ClInclude Include="Code\System\IGameClient.h">
      <Filter>System</Filter>
    </ClInclude>
    <ClInclude Include="Code\System\Win32\GameClient.h">
      <Filter>System\Win32</Filter>
    </ClInclude>
    <ClInclude Include="Code\System\IRenderer.h">
      <Filter>System</Filter>
    </ClInclude>
    <ClInclude Include="Code\System\Win32\Renderer.h">
      <Filter>System\Win32</Filter>
    </ClInclude>
    <ClInclude Include="Code\System\UI\GUI.h">
      <Filter>System\UI</Filter>
    </ClInclude>
    <ClInclude Include="Code\System\UI\imgui_impl_sdl.h">
      <Filter>System\UI</Filter>
    </ClInclude>
    <ClInclude Include="Code\System\UI\ImGui\imconfig.h">
      <Filter>System\UI\ImGui</Filter>
    </ClInclude>
    <ClInclude Include="Code\System\UI\ImGui\imgui.h">
      <Filter>System\UI\ImGui</Filter>
    </ClInclude>
    <ClInclude Include="Code\System\UI\ImGui\imgui_internal.h">
      <Filter>System\UI\ImGui</Filter>
    </ClInclude>
    <ClInclude Include="Code\System\UI\ImGui\stb_rect_pack.h">
      <Filter>System\UI\ImGui</Filter>
    </ClInclude>
    <ClInclude Include="Code\System\UI\ImGui\stb_textedit.h">
      <Filter>System\UI\ImGui</Filter>
    </ClInclude>
    <ClInclude Include="Code\System\UI\ImGui\stb_truetype.h">
      <Filter>System\UI\ImGui</Filter>
    </ClInclude>
    <ClInclude Include="Code\System\UI\GuiSystem.h">
      <Filter>System\UI</Filter>
    </ClInclude>
  </ItemGroup>
</Project>